// !$*UTF8*$!
{
	archiveVersion = 1;
	classes = {
	};
	objectVersion = 46;
	objects = {

/* Begin PBXBuildFile section */
		5E661C421EA654F700F5FBAD /* main.cpp in Sources */ = {isa = PBXBuildFile; fileRef = 5E661C411EA654F700F5FBAD /* main.cpp */; };
		5E661C4D1EA6569100F5FBAD /* Personnage.cpp in Sources */ = {isa = PBXBuildFile; fileRef = 5E661C4B1EA6569100F5FBAD /* Personnage.cpp */; };
/* End PBXBuildFile section */

/* Begin PBXCopyFilesBuildPhase section */
		5E661C3C1EA654F600F5FBAD /* CopyFiles */ = {
			isa = PBXCopyFilesBuildPhase;
			buildActionMask = 2147483647;
			dstPath = /usr/share/man/man1/;
			dstSubfolderSpec = 0;
			files = (
			);
			runOnlyForDeploymentPostprocessing = 1;
		};
/* End PBXCopyFilesBuildPhase section */

/* Begin PBXFileReference section */
		5E661C3E1EA654F700F5FBAD /* ApprentissageClassC */ = {isa = PBXFileReference; explicitFileType = "compiled.mach-o.executable"; includeInIndex = 0; path = ApprentissageClassC; sourceTree = BUILT_PRODUCTS_DIR; };
		5E661C411EA654F700F5FBAD /* main.cpp */ = {isa = PBXFileReference; lastKnownFileType = sourcecode.cpp.cpp; path = main.cpp; sourceTree = "<group>"; };
		5E661C4B1EA6569100F5FBAD /* Personnage.cpp */ = {isa = PBXFileReference; fileEncoding = 4; lastKnownFileType = sourcecode.cpp.cpp; path = Personnage.cpp; sourceTree = "<group>"; };
		5E661C4C1EA6569100F5FBAD /* Personnage.hpp */ = {isa = PBXFileReference; fileEncoding = 4; lastKnownFileType = sourcecode.cpp.h; path = Personnage.hpp; sourceTree = "<group>"; };
/* End PBXFileReference section */

/* Begin PBXFrameworksBuildPhase section */
		5E661C3B1EA654F600F5FBAD /* Frameworks */ = {
			isa = PBXFrameworksBuildPhase;
			buildActionMask = 2147483647;
			files = (
			);
			runOnlyForDeploymentPostprocessing = 0;
		};
/* End PBXFrameworksBuildPhase section */

/* Begin PBXGroup section */
		5E661C351EA654F600F5FBAD = {
			isa = PBXGroup;
			children = (
				5E661C401EA654F700F5FBAD /* ApprentissageClassC */,
				5E661C3F1EA654F700F5FBAD /* Products */,
			);
			sourceTree = "<group>";
		};
		5E661C3F1EA654F700F5FBAD /* Products */ = {
			isa = PBXGroup;
			children = (
				5E661C3E1EA654F700F5FBAD /* ApprentissageClassC */,
			);
			name = Products;
			sourceTree = "<group>";
		};
		5E661C401EA654F700F5FBAD /* ApprentissageClassC */ = {
			isa = PBXGroup;
			children = (
				5E661C411EA654F700F5FBAD /* main.cpp */,
				5E661C4B1EA6569100F5FBAD /* Personnage.cpp */,
				5E661C4C1EA6569100F5FBAD /* Personnage.hpp */,
			);
			path = ApprentissageClassC;
			sourceTree = "<group>";
		};
/* End PBXGroup section */

/* Begin PBXNativeTarget section */
		5E661C3D1EA654F600F5FBAD /* ApprentissageClassC */ = {
			isa = PBXNativeTarget;
			buildConfigurationList = 5E661C451EA654F700F5FBAD /* Build configuration list for PBXNativeTarget "ApprentissageClassC" */;
			buildPhases = (
				5E661C3A1EA654F600F5FBAD /* Sources */,
				5E661C3B1EA654F600F5FBAD /* Frameworks */,
				5E661C3C1EA654F600F5FBAD /* CopyFiles */,
			);
			buildRules = (
			);
			dependencies = (
			);
			name = ApprentissageClassC;
			productName = ApprentissageClassC;
			productReference = 5E661C3E1EA654F700F5FBAD /* ApprentissageClassC */;
			productType = "com.apple.product-type.tool";
		};
/* End PBXNativeTarget section */

/* Begin PBXProject section */
		5E661C361EA654F600F5FBAD /* Project object */ = {
			isa = PBXProject;
			attributes = {
				LastUpgradeCheck = 0800;
				ORGANIZATIONNAME = Courapied;
				TargetAttributes = {
					5E661C3D1EA654F600F5FBAD = {
						CreatedOnToolsVersion = 8.0;
						ProvisioningStyle = Automatic;
					};
				};
			};
			buildConfigurationList = 5E661C391EA654F600F5FBAD /* Build configuration list for PBXProject "ApprentissageClassC" */;
			compatibilityVersion = "Xcode 3.2";
			developmentRegion = English;
			hasScannedForEncodings = 0;
			knownRegions = (
				en,
			);
			mainGroup = 5E661C351EA654F600F5FBAD;
			productRefGroup = 5E661C3F1EA654F700F5FBAD /* Products */;
			projectDirPath = "";
			projectRoot = "";
			targets = (
				5E661C3D1EA654F600F5FBAD /* ApprentissageClassC */,
			);
		};
/* End PBXProject section */

/* Begin PBXSourcesBuildPhase section */
		5E661C3A1EA654F600F5FBAD /* Sources */ = {
			isa = PBXSourcesBuildPhase;
			buildActionMask = 2147483647;
			files = (
				5E661C421EA654F700F5FBAD /* main.cpp in Sources */,
				5E661C4D1EA6569100F5FBAD /* Personnage.cpp in Sources */,
			);
			runOnlyForDeploymentPostprocessing = 0;
		};
/* End PBXSourcesBuildPhase section */

/* Begin XCBuildConfiguration section */
		5E661C431EA654F700F5FBAD /* Debug */ = {
			isa = XCBuildConfiguration;
			buildSettings = {
				ALWAYS_SEARCH_USER_PATHS = NO;
				CLANG_ANALYZER_NONNULL = YES;
				CLANG_CXX_LANGUAGE_STANDARD = "gnu++0x";
				CLANG_CXX_LIBRARY = "libc++";
				CLANG_ENABLE_MODULES = YES;
				CLANG_ENABLE_OBJC_ARC = YES;
				CLANG_WARN_BOOL_CONVERSION = YES;
				CLANG_WARN_CONSTANT_CONVERSION = YES;
				CLANG_WARN_DIRECT_OBJC_ISA_USAGE = YES_ERROR;
				CLANG_WARN_DOCUMENTATION_COMMENTS = YES;
				CLANG_WARN_EMPTY_BODY = YES;
				CLANG_WARN_ENUM_CONVERSION = YES;
				CLANG_WARN_INFINITE_RECURSION = YES;
				CLANG_WARN_INT_CONVERSION = YES;
				CLANG_WARN_OBJC_ROOT_CLASS = YES_ERROR;
				CLANG_WARN_SUSPICIOUS_MOVES = YES;
				CLANG_WARN_UNREACHABLE_CODE = YES;
				CLANG_WARN__DUPLICATE_METHOD_MATCH = YES;
				CODE_SIGN_IDENTITY = "-";
				COPY_PHASE_STRIP = NO;
				DEBUG_INFORMATION_FORMAT = dwarf;
				ENABLE_STRICT_OBJC_MSGSEND = YES;
				ENABLE_TESTABILITY = YES;
				GCC_C_LANGUAGE_STANDARD = gnu99;
				GCC_DYNAMIC_NO_PIC = NO;
				GCC_NO_COMMON_BLOCKS = YES;
				GCC_OPTIMIZATION_LEVEL = 0;
				GCC_PREPROCESSOR_DEFINITIONS = (
					"DEBUG=1",
					"$(inherited)",
				);
				GCC_WARN_64_TO_32_BIT_CONVERSION = YES;
				GCC_WARN_ABOUT_RETURN_TYPE = YES_ERROR;
				GCC_WARN_UNDECLARED_SELECTOR = YES;
				GCC_WARN_UNINITIALIZED_AUTOS = YES_AGGRESSIVE;
				GCC_WARN_UNUSED_FUNCTION = YES;
				GCC_WARN_UNUSED_VARIABLE = YES;
				MACOSX_DEPLOYMENT_TARGET = 10.12;
				MTL_ENABLE_DEBUG_INFO = YES;
				ONLY_ACTIVE_ARCH = YES;
				SDKROOT = macosx;
			};
			name = Debug;
		};
		5E661C441EA654F700F5FBAD /* Release */ = {
			isa = XCBuildConfiguration;
			buildSettings = {
				ALWAYS_SEARCH_USER_PATHS = NO;
				CLANG_ANALYZER_NONNULL = YES;
				CLANG_CXX_LANGUAGE_STANDARD = "gnu++0x";
				CLANG_CXX_LIBRARY = "libc++";
				CLANG_ENABLE_MODULES = YES;
				CLANG_ENABLE_OBJC_ARC = YES;
				CLANG_WARN_BOOL_CONVERSION = YES;
				CLANG_WARN_CONSTANT_CONVERSION = YES;
				CLANG_WARN_DIRECT_OBJC_ISA_USAGE = YES_ERROR;
				CLANG_WARN_DOCUMENTATION_COMMENTS = YES;
				CLANG_WARN_EMPTY_BODY = YES;
				CLANG_WARN_ENUM_CONVERSION = YES;
				CLANG_WARN_INFINITE_RECURSION = YES;
				CLANG_WARN_INT_CONVERSION = YES;
				CLANG_WARN_OBJC_ROOT_CLASS = YES_ERROR;
				CLANG_WARN_SUSPICIOUS_MOVES = YES;
				CLANG_WARN_UNREACHABLE_CODE = YES;
				CLANG_WARN__DUPLICATE_METHOD_MATCH = YES;
				CODE_SIGN_IDENTITY = "-";
				COPY_PHASE_STRIP = NO;
				DEBUG_INFORMATION_FORMAT = "dwarf-with-dsym";
				ENABLE_NS_ASSERTIONS = NO;
				ENABLE_STRICT_OBJC_MSGSEND = YES;
				GCC_C_LANGUAGE_STANDARD = gnu99;
				GCC_NO_COMMON_BLOCKS = YES;
				GCC_WARN_64_TO_32_BIT_CONVERSION = YES;
				GCC_WARN_ABOUT_RETURN_TYPE = YES_ERROR;
				GCC_WARN_UNDECLARED_SELECTOR = YES;
				GCC_WARN_UNINITIALIZED_AUTOS = YES_AGGRESSIVE;
				GCC_WARN_UNUSED_FUNCTION = YES;
				GCC_WARN_UNUSED_VARIABLE = YES;
				MACOSX_DEPLOYMENT_TARGET = 10.12;
				MTL_ENABLE_DEBUG_INFO = NO;
				SDKROOT = macosx;
			};
			name = Release;
		};
		5E661C461EA654F700F5FBAD /* Debug */ = {
			isa = XCBuildConfiguration;
			buildSettings = {
				PRODUCT_NAME = "$(TARGET_NAME)";
			};
			name = Debug;
		};
		5E661C471EA654F700F5FBAD /* Release */ = {
			isa = XCBuildConfiguration;
			buildSettings = {
				PRODUCT_NAME = "$(TARGET_NAME)";
			};
			name = Release;
		};
/* End XCBuildConfiguration section */

/* Begin XCConfigurationList section */
		5E661C391EA654F600F5FBAD /* Build configuration list for PBXProject "ApprentissageClassC" */ = {
			isa = XCConfigurationList;
			buildConfigurations = (
				5E661C431EA654F700F5FBAD /* Debug */,
				5E661C441EA654F700F5FBAD /* Release */,
			);
			defaultConfigurationIsVisible = 0;
			defaultConfigurationName = Release;
		};
		5E661C451EA654F700F5FBAD /* Build configuration list for PBXNativeTarget "ApprentissageClassC" */ = {
			isa = XCConfigurationList;
			buildConfigurations = (
				5E661C461EA654F700F5FBAD /* Debug */,
				5E661C471EA654F700F5FBAD /* Release */,
			);
			defaultConfigurationIsVisible = 0;
		};
/* End XCConfigurationList section */
	};
	rootObject = 5E661C361EA654F600F5FBAD /* Project object */;
}
